{
    "name": "ssb-client-cli",
    "version": "1.0.0",
    "lockfileVersion": 1,
    "requires": true,
    "dependencies": {
        "chloride": {
            "version": "2.2.10",
            "resolved": "https://registry.npmjs.org/chloride/-/chloride-2.2.10.tgz",
            "integrity": "sha512-CbU1ISGiB2JBV6PDXx7hkl8D94d2TPD1BANUMFbr8rZYKJi8De2d3Hu2XDIOLAhXf+8yhoFOdjtLG6fxz3QByQ==",
            "requires": {
                "is-electron": "^2.0.0",
                "sodium-browserify": "^1.2.4",
                "sodium-browserify-tweetnacl": "^0.2.2",
                "sodium-chloride": "^1.1.0",
                "sodium-native": "^2.1.6"
            }
        },
        "chloride-test": {
            "version": "1.2.2",
            "resolved": "https://registry.npmjs.org/chloride-test/-/chloride-test-1.2.2.tgz",
            "integrity": "sha1-F4aGqF6SeARREulujHkXk/mhCuo=",
            "requires": {
                "json-buffer": "^2.0.11"
            }
        },
        "commander": {
            "version": "2.19.0",
            "resolved": "https://registry.npmjs.org/commander/-/commander-2.19.0.tgz",
            "integrity": "sha512-6tvAOO+D6OENvRAh524Dh9jcfKTYDQAqvqezbCW82xj5X0pSrcpxtvRKHLG0yBY6SD7PSDrJaj+0AiOcKVd1Xg=="
        },
        "deep-equal": {
            "version": "1.0.1",
            "resolved": "https://registry.npmjs.org/deep-equal/-/deep-equal-1.0.1.tgz",
            "integrity": "sha1-9dJgKStmDghO/0zbyfCK0yR0SLU="
        },
        "deep-extend": {
            "version": "0.6.0",
            "resolved": "https://registry.npmjs.org/deep-extend/-/deep-extend-0.6.0.tgz",
            "integrity": "sha512-LOHxIOaPYdHlJRtCQfDIVZtfw/ufM8+rVj649RIHzcm/vGwQRXFt6OPqIFWsm2XEMrNIEtWR64sY1LEKD2vAOA=="
        },
        "ed2curve": {
            "version": "0.1.4",
            "resolved": "https://registry.npmjs.org/ed2curve/-/ed2curve-0.1.4.tgz",
            "integrity": "sha1-lKRCSLuH2jXbDv968KpXYWgRf1k=",
            "requires": {
                "tweetnacl": "0.x.x"
            }
        },
        "explain-error": {
            "version": "1.0.4",
            "resolved": "https://registry.npmjs.org/explain-error/-/explain-error-1.0.4.tgz",
            "integrity": "sha1-p5PTrAytTGq1cemWj7urbLJTKSk="
        },
        "increment-buffer": {
            "version": "1.0.1",
            "resolved": "https://registry.npmjs.org/increment-buffer/-/increment-buffer-1.0.1.tgz",
            "integrity": "sha1-ZQdtdRidgIs5rROrW5WOBSFvng0="
        },
        "inherits": {
            "version": "2.0.3",
            "resolved": "https://registry.npmjs.org/inherits/-/inherits-2.0.3.tgz",
            "integrity": "sha1-Yzwsg+PaQqUC9SRmAiSA9CCCYd4="
        },
        "ini": {
            "version": "1.3.7",
            "resolved": "https://registry.npmjs.org/ini/-/ini-1.3.7.tgz",
            "integrity": "sha512-iKpRpXP+CrP2jyrxvg1kMUpXDyRUFDWurxbnVT1vQPx+Wz9uCYsMIqYuSBLV+PAaZG/d7kRLKRFc9oDMsH+mFQ=="
        },
        "ip": {
            "version": "1.1.5",
            "resolved": "https://registry.npmjs.org/ip/-/ip-1.1.5.tgz",
            "integrity": "sha1-vd7XARQpCCjAoDnnLvJfWq7ENUo="
        },
        "is-electron": {
            "version": "2.2.0",
            "resolved": "https://registry.npmjs.org/is-electron/-/is-electron-2.2.0.tgz",
            "integrity": "sha512-SpMppC2XR3YdxSzczXReBjqs2zGscWQpBIKqwXYBFic0ERaxNVgwLCHwOLZeESfdJQjX0RDvrJ1lBXX2ij+G1Q=="
        },
        "json-buffer": {
            "version": "2.0.11",
            "resolved": "https://registry.npmjs.org/json-buffer/-/json-buffer-2.0.11.tgz",
            "integrity": "sha1-PkQf2jCYvo0eMXGtWRvGKjPi1V8="
        },
        "libsodium": {
            "version": "0.7.4",
            "resolved": "https://registry.npmjs.org/libsodium/-/libsodium-0.7.4.tgz",
            "integrity": "sha512-fTU3vUdrxQzhPAAjmTSqKk4LzYbR0OtcYjp1P92AlH50JIxXZFEIXWh1yryCmU6RLGfwS2IzBdZjbmpYf/TlyQ=="
        },
        "libsodium-wrappers": {
            "version": "0.7.4",
            "resolved": "https://registry.npmjs.org/libsodium-wrappers/-/libsodium-wrappers-0.7.4.tgz",
            "integrity": "sha512-axKkW01L0q+urLeE7UMSZKWwk4LrRbi6s5pjKBAvbgDBYnsSaolK1oN/Syilm1dqJFkJQNi6qodwOp8dzSoc9Q==",
            "requires": {
                "libsodium": "0.7.4"
            }
        },
        "looper": {
            "version": "3.0.0",
            "resolved": "https://registry.npmjs.org/looper/-/looper-3.0.0.tgz",
            "integrity": "sha1-LvpUw7HLq6m5Su4uWRSwvlf7t0k="
        },
        "minimist": {
            "version": "1.2.0",
            "resolved": "https://registry.npmjs.org/minimist/-/minimist-1.2.0.tgz",
            "integrity": "sha1-o1AIsg9BOD7sH7kU9M1d95omQoQ="
        },
        "mkdirp": {
            "version": "0.5.1",
            "resolved": "https://registry.npmjs.org/mkdirp/-/mkdirp-0.5.1.tgz",
            "integrity": "sha1-MAV0OOrGz3+MR2fzhkjWaX11yQM=",
            "requires": {
                "minimist": "0.0.8"
            },
            "dependencies": {
                "minimist": {
                    "version": "0.0.8",
                    "resolved": "https://registry.npmjs.org/minimist/-/minimist-0.0.8.tgz",
                    "integrity": "sha1-hX/Kv8M5fSYluCKCYuhqp6ARsF0="
                }
            }
        },
        "multicb": {
            "version": "1.2.2",
            "resolved": "https://registry.npmjs.org/multicb/-/multicb-1.2.2.tgz",
            "integrity": "sha512-PZM4dhYFmCF6uZGWpEmoPMUqJBywS9IcAgybT2GmSpYI1BvGvoWSdbio+ik+q/YD2vodhvslESWIS3NnkKYdqQ=="
        },
        "multiserver": {
            "version": "1.13.7",
            "resolved": "https://registry.npmjs.org/multiserver/-/multiserver-1.13.7.tgz",
            "integrity": "sha512-nQKAe6+u7nWJY29pJjegltw0ROj2bDc2bCTm9Bnr4EQrp5H5Tav+ESUjgl3D4vuQgCeveb4h+CtLtjB8QnK1Dw==",
            "requires": {
                "pull-cat": "~1.1.5",
                "pull-stream": "^3.6.1",
                "pull-ws": "^3.3.0",
                "secret-handshake": "^1.1.12",
                "separator-escape": "0.0.0",
                "socks": "2.2.1",
                "stream-to-pull-stream": "^1.7.2"
            }
        },
        "muxrpc": {
            "version": "6.4.2",
            "resolved": "https://registry.npmjs.org/muxrpc/-/muxrpc-6.4.2.tgz",
            "integrity": "sha512-1wRnouHgHO3JYN3xbyzQGTFsd/wo12/zaikmQusP8ma+lmL+ewNvuvuwKSEJasKQTRnbTwbzh/OPdt9N76CA4g==",
            "requires": {
                "explain-error": "^1.0.1",
                "packet-stream": "~2.0.0",
                "packet-stream-codec": "^1.1.1",
                "pull-goodbye": "0.0.2",
                "pull-stream": "^3.2.3"
            }
        },
        "nan": {
            "version": "2.12.1",
            "resolved": "https://registry.npmjs.org/nan/-/nan-2.12.1.tgz",
            "integrity": "sha512-JY7V6lRkStKcKTvHO5NVSQRv+RV+FIL5pvDoLiAtSL9pKlC5x9PKQcZDsq7m4FO4d57mkhC6Z+QhAh3Jdk5JFw==",
            "optional": true
        },
        "node-gyp-build": {
            "version": "3.7.0",
            "resolved": "https://registry.npmjs.org/node-gyp-build/-/node-gyp-build-3.7.0.tgz",
            "integrity": "sha512-L/Eg02Epx6Si2NXmedx+Okg+4UHqmaf3TNcxd50SF9NQGcJaON3AtU++kax69XV7YWz4tUspqZSAsVofhFKG2w==",
            "optional": true
        },
        "non-private-ip": {
            "version": "1.4.4",
            "resolved": "https://registry.npmjs.org/non-private-ip/-/non-private-ip-1.4.4.tgz",
            "integrity": "sha512-K9nTVFOGUOYutaG8ywiKpCdVu458RFxSgSJ0rribUxtf5iLM9B2+raFJgkID3p5op0+twmoQqFaPnu9KYz6qzg==",
            "requires": {
                "ip": "^1.1.5"
            }
        },
        "options": {
            "version": "0.0.6",
            "resolved": "https://registry.npmjs.org/options/-/options-0.0.6.tgz",
            "integrity": "sha1-7CLTEoBrtT5zF3Pnza788cZDEo8="
        },
        "os-homedir": {
            "version": "1.0.2",
            "resolved": "https://registry.npmjs.org/os-homedir/-/os-homedir-1.0.2.tgz",
            "integrity": "sha1-/7xJiDNuDoM94MFox+8VISGqf7M="
        },
        "packet-stream": {
            "version": "2.0.4",
            "resolved": "https://registry.npmjs.org/packet-stream/-/packet-stream-2.0.4.tgz",
            "integrity": "sha512-7+oxHdMMs6VhLvvbrDUc8QNuelE9fPKLDdToXBIKLPKOlnoBeMim+/35edp+AnFTLzk3xcogVvQ/jrZyyGsEiw=="
        },
        "packet-stream-codec": {
            "version": "1.1.2",
            "resolved": "https://registry.npmjs.org/packet-stream-codec/-/packet-stream-codec-1.1.2.tgz",
            "integrity": "sha1-ebMC/BRM37tKtv66cEDmpdmcecc=",
            "requires": {
                "pull-reader": "^1.2.4",
                "pull-through": "^1.0.17"
            }
        },
        "private-box": {
            "version": "0.3.0",
            "resolved": "https://registry.npmjs.org/private-box/-/private-box-0.3.0.tgz",
            "integrity": "sha512-zsK6DDEC+cnNiunYamcVbx4ZCLbKnzTOZa09K4Pj3/tH3nQFPUO9K2QoYy4kfxLqmoyw6RPDtACN9OYviMQZ2Q==",
            "requires": {
                "chloride": "^2.2.9"
            }
        },
        "pull-box-stream": {
            "version": "1.0.13",
            "resolved": "https://registry.npmjs.org/pull-box-stream/-/pull-box-stream-1.0.13.tgz",
            "integrity": "sha1-w+JAOY6rP1lRsu0QeMWYi/egork=",
            "requires": {
                "chloride": "^2.2.7",
                "increment-buffer": "~1.0.0",
                "pull-reader": "^1.2.5",
                "pull-stream": "^3.2.3",
                "pull-through": "^1.0.18",
                "split-buffer": "~1.0.0"
            }
        },
        "pull-cat": {
            "version": "1.1.11",
            "resolved": "https://registry.npmjs.org/pull-cat/-/pull-cat-1.1.11.tgz",
            "integrity": "sha1-tkLdElXaN2pwa220+pYvX9t0wxs="
        },
        "pull-goodbye": {
            "version": "0.0.2",
            "resolved": "https://registry.npmjs.org/pull-goodbye/-/pull-goodbye-0.0.2.tgz",
            "integrity": "sha1-jYNX21XiKnEN//DxaoyQtF7+QXE=",
            "requires": {
                "pull-stream": "~3.5.0"
            },
            "dependencies": {
                "pull-stream": {
                    "version": "3.5.0",
                    "resolved": "https://registry.npmjs.org/pull-stream/-/pull-stream-3.5.0.tgz",
                    "integrity": "sha1-HuW292/Ts6SaWvtt7VwDIKyzz8c="
                }
            }
        },
        "pull-handshake": {
            "version": "1.1.4",
            "resolved": "https://registry.npmjs.org/pull-handshake/-/pull-handshake-1.1.4.tgz",
            "integrity": "sha1-YACg/QGIhM39c3JU+Mxgqypjd5E=",
            "requires": {
                "pull-cat": "^1.1.9",
                "pull-pair": "~1.1.0",
                "pull-pushable": "^2.0.0",
                "pull-reader": "^1.2.3"
            }
        },
        "pull-hash": {
            "version": "1.0.0",
            "resolved": "https://registry.npmjs.org/pull-hash/-/pull-hash-1.0.0.tgz",
            "integrity": "sha1-/K1NJQe/LCsyMfZT3Jv7LbTw2Iw="
        },
        "pull-pair": {
            "version": "1.1.0",
            "resolved": "https://registry.npmjs.org/pull-pair/-/pull-pair-1.1.0.tgz",
            "integrity": "sha1-fuQnJj/fTaglOXrAoF4atLdL120="
        },
        "pull-pushable": {
            "version": "2.2.0",
            "resolved": "https://registry.npmjs.org/pull-pushable/-/pull-pushable-2.2.0.tgz",
            "integrity": "sha1-Xy867UethpGfAbEqLpnW8b13ZYE="
        },
        "pull-reader": {
            "version": "1.3.1",
            "resolved": "https://registry.npmjs.org/pull-reader/-/pull-reader-1.3.1.tgz",
            "integrity": "sha512-CBkejkE5nX50SiSEzu0Qoz4POTJMS/mw8G6aj3h3M/RJoKgggLxyF0IyTZ0mmpXFlXRcLmLmIEW4xeYn7AeDYw=="
        },
        "pull-stream": {
            "version": "3.6.9",
            "resolved": "https://registry.npmjs.org/pull-stream/-/pull-stream-3.6.9.tgz",
            "integrity": "sha512-hJn4POeBrkttshdNl0AoSCVjMVSuBwuHocMerUdoZ2+oIUzrWHFTwJMlbHND7OiKLVgvz6TFj8ZUVywUMXccbw=="
        },
        "pull-through": {
            "version": "1.0.18",
            "resolved": "https://registry.npmjs.org/pull-through/-/pull-through-1.0.18.tgz",
            "integrity": "sha1-jdYjFCY+Wc9Qlur7sSeitu8xBzU=",
            "requires": {
                "looper": "~3.0.0"
            }
        },
        "pull-ws": {
            "version": "3.3.2",
            "resolved": "https://registry.npmjs.org/pull-ws/-/pull-ws-3.3.2.tgz",
            "integrity": "sha512-Bn4bcJsSzJGOQl4RBulDhG1FkcbDHSCXteI8Jg5k4X6X5TxVzZzKilWJ1WV2v4OnRXl2eYbtHFGsPl8Cr1xJzw==",
            "requires": {
                "relative-url": "^1.0.2",
                "safe-buffer": "^5.1.1",
                "ws": "^1.1.0"
            }
        },
        "rc": {
            "version": "1.2.8",
            "resolved": "https://registry.npmjs.org/rc/-/rc-1.2.8.tgz",
            "integrity": "sha512-y3bGgqKj3QBdxLbLkomlohkvsA8gdAiUQlSBJnBhfn+BPxg4bc62d8TcBW15wavDfgexCgccckhcZvywyQYPOw==",
            "requires": {
                "deep-extend": "^0.6.0",
                "ini": "~1.3.0",
                "minimist": "^1.2.0",
                "strip-json-comments": "~2.0.1"
            }
        },
        "relative-url": {
            "version": "1.0.2",
            "resolved": "https://registry.npmjs.org/relative-url/-/relative-url-1.0.2.tgz",
            "integrity": "sha1-0hxSpy1gYQGLzun5yfwQa/fWUoc="
        },
        "safe-buffer": {
            "version": "5.1.2",
            "resolved": "https://registry.npmjs.org/safe-buffer/-/safe-buffer-5.1.2.tgz",
            "integrity": "sha512-Gd2UZBJDkXlY7GbJxfsE8/nvKkUEU1G38c1siN6QP6a9PT9MmHB8GnpscSmMJSoF8LOIrt8ud/wPtojys4G6+g=="
        },
        "secret-handshake": {
            "version": "1.1.16",
            "resolved": "https://registry.npmjs.org/secret-handshake/-/secret-handshake-1.1.16.tgz",
            "integrity": "sha512-iJgGEykTXa8772vmYMGM20jYifTV7lg96bFeitGjly99aIEkIKHkiJWb+3KZ98dg4gwtF/6L+XhL/76iBgKhpA==",
            "requires": {
                "chloride": "^2.2.7",
                "deep-equal": "~1.0.0",
                "explain-error": "^1.0.4",
                "pull-box-stream": "^1.0.13",
                "pull-handshake": "^1.1.1",
                "pull-stream": "^3.4.5"
            }
        },
        "separator-escape": {
            "version": "0.0.0",
            "resolved": "https://registry.npmjs.org/separator-escape/-/separator-escape-0.0.0.tgz",
            "integrity": "sha1-5DNnaTICBFTjwUhwxRfqHeVsL6Q="
        },
        "sha.js": {
            "version": "2.4.5",
            "resolved": "https://registry.npmjs.org/sha.js/-/sha.js-2.4.5.tgz",
            "integrity": "sha1-J9Fx78yCoRi5ljn/WBZgJCtQbnw=",
            "requires": {
                "inherits": "^2.0.1"
            }
        },
        "smart-buffer": {
            "version": "4.0.1",
            "resolved": "https://registry.npmjs.org/smart-buffer/-/smart-buffer-4.0.1.tgz",
            "integrity": "sha512-RFqinRVJVcCAL9Uh1oVqE6FZkqsyLiVOYEZ20TqIOjuX7iFVJ+zsbs4RIghnw/pTs7mZvt8ZHhvm1ZUrR4fykg=="
        },
        "socks": {
            "version": "2.2.1",
            "resolved": "https://registry.npmjs.org/socks/-/socks-2.2.1.tgz",
            "integrity": "sha512-0GabKw7n9mI46vcNrVfs0o6XzWzjVa3h6GaSo2UPxtWAROXUWavfJWh1M4PR5tnE0dcnQXZIDFP4yrAysLze/w==",
            "requires": {
                "ip": "^1.1.5",
                "smart-buffer": "^4.0.1"
            }
        },
        "sodium-browserify": {
            "version": "1.2.4",
            "resolved": "https://registry.npmjs.org/sodium-browserify/-/sodium-browserify-1.2.4.tgz",
            "integrity": "sha512-IYcxKje/uf/c3a7VhZYJLlUxWMcktfbD4AjqHjUD1/VWKjj0Oq5wNbX8wjJOWVO9UhUMqJQiOn2xFbzKWBmy5w==",
            "requires": {
                "libsodium-wrappers": "^0.7.3",
                "sha.js": "2.4.5",
                "sodium-browserify-tweetnacl": "^0.2.3",
                "tweetnacl": "^0.14.1"
            }
        },
        "sodium-browserify-tweetnacl": {
            "version": "0.2.3",
            "resolved": "https://registry.npmjs.org/sodium-browserify-tweetnacl/-/sodium-browserify-tweetnacl-0.2.3.tgz",
            "integrity": "sha1-tVN//LufdOvEQ7i2ohGykej8vI4=",
            "requires": {
                "chloride-test": "^1.1.0",
                "ed2curve": "^0.1.4",
                "sha.js": "^2.4.8",
                "tweetnacl": "^0.14.1",
                "tweetnacl-auth": "^0.3.0"
            },
            "dependencies": {
                "sha.js": {
                    "version": "2.4.11",
                    "resolved": "https://registry.npmjs.org/sha.js/-/sha.js-2.4.11.tgz",
                    "integrity": "sha512-QMEp5B7cftE7APOjk5Y6xgrbWu+WkLVQwk8JNjZ8nKRciZaByEW6MubieAiToS7+dwvrjGhH8jRXz3MVd0AYqQ==",
                    "requires": {
                        "inherits": "^2.0.1",
                        "safe-buffer": "^5.0.1"
                    }
                }
            }
        },
        "sodium-chloride": {
            "version": "1.1.2",
            "resolved": "https://registry.npmjs.org/sodium-chloride/-/sodium-chloride-1.1.2.tgz",
            "integrity": "sha512-8AVzr9VHueXqfzfkzUA0aXe/Q4XG3UTmhlP6Pt+HQc5bbAPIJFo7ZIMh9tvn+99QuiMcyDJdYumegGAczl0N+g=="
        },
        "sodium-native": {
            "version": "2.2.4",
            "resolved": "https://registry.npmjs.org/sodium-native/-/sodium-native-2.2.4.tgz",
            "integrity": "sha512-zE3lJAEN9R/XzJmNUqfyqL3vAnES9rFuyeq5ouHmCOdkVcY5UKbCcl7eUyZ+LG4RcqVfx8CAcgwv9HRpgoNrlg==",
            "optional": true,
            "requires": {
                "ini": "^1.3.5",
                "nan": "^2.4.0",
                "node-gyp-build": "^3.0.0"
            }
        },
        "split-buffer": {
            "version": "1.0.0",
            "resolved": "https://registry.npmjs.org/split-buffer/-/split-buffer-1.0.0.tgz",
            "integrity": "sha1-t+jgq1E0UVi3LB9tvvJAbVHx0Cc="
        },
        "ssb-client": {
            "version": "4.6.0",
            "resolved": "https://registry.npmjs.org/ssb-client/-/ssb-client-4.6.0.tgz",
            "integrity": "sha512-LyH5Y/U7xvafmAuG1puyhNv4G3Ew9xC67dYgRX0wwbUf5iT422WB1Cvat9qGFAu3/BQbdctXtdEQPxaAn0+hYA==",
            "requires": {
                "explain-error": "^1.0.1",
                "multicb": "^1.2.1",
                "multiserver": "^1.13.2",
                "muxrpc": "^6.4.0",
                "pull-hash": "^1.0.0",
                "pull-stream": "^3.6.0",
                "ssb-config": "^2.2.0",
                "ssb-keys": "^7.0.13"
            }
        },
        "ssb-config": {
            "version": "2.3.9",
            "resolved": "https://registry.npmjs.org/ssb-config/-/ssb-config-2.3.9.tgz",
            "integrity": "sha512-UF+4+khFXILLBqtu9HfrpUwYnDXIdAyJe3u9X4GrApuoakxuSKwaUGakUxLPyo6COyV2brMqufUgf+fDOI8Ftw==",
            "requires": {
                "deep-extend": "^0.6.0",
                "non-private-ip": "^1.2.1",
                "os-homedir": "^1.0.1",
                "rc": "^1.1.6"
            }
        },
        "ssb-keys": {
            "version": "7.1.4",
            "resolved": "https://registry.npmjs.org/ssb-keys/-/ssb-keys-7.1.4.tgz",
            "integrity": "sha512-tRDoFAeTL4NVGE4WFgd4Jck7wmsz340iE3Z8KEpGyFkxo5LqH01Gl+8aCDKqNQoJpCByG7luSSTztS7zl6yk8w==",
            "requires": {
                "chloride": "^2.2.8",
                "mkdirp": "~0.5.0",
                "private-box": "^0.3.0"
            }
        },
        "stream-to-pull-stream": {
            "version": "1.7.2",
            "resolved": "https://registry.npmjs.org/stream-to-pull-stream/-/stream-to-pull-stream-1.7.2.tgz",
            "integrity": "sha1-dXYJrhzr0zx0MtSvvjH/eGULnd4=",
            "requires": {
                "looper": "^3.0.0",
                "pull-stream": "^3.2.3"
            }
        },
        "strip-json-comments": {
            "version": "2.0.1",
            "resolved": "https://registry.npmjs.org/strip-json-comments/-/strip-json-comments-2.0.1.tgz",
            "integrity": "sha1-PFMZQukIwml8DsNEhYwobHygpgo="
        },
        "tweetnacl": {
            "version": "0.14.5",
            "resolved": "https://registry.npmjs.org/tweetnacl/-/tweetnacl-0.14.5.tgz",
            "integrity": "sha1-WuaBd/GS1EViadEIr6k/+HQ/T2Q="
        },
        "tweetnacl-auth": {
            "version": "0.3.1",
            "resolved": "https://registry.npmjs.org/tweetnacl-auth/-/tweetnacl-auth-0.3.1.tgz",
            "integrity": "sha1-t1vC3xVkm7hOi5qjwGacbEvODSU=",
            "requires": {
                "tweetnacl": "0.x.x"
            }
        },
        "ultron": {
            "version": "1.0.2",
            "resolved": "https://registry.npmjs.org/ultron/-/ultron-1.0.2.tgz",
            "integrity": "sha1-rOEWq1V80Zc4ak6I9GhTeMiy5Po="
        },
        "ws": {
            "version": "1.1.5",
            "resolved": "https://registry.npmjs.org/ws/-/ws-1.1.5.tgz",
            "integrity": "sha512-o3KqipXNUdS7wpQzBHSe180lBGO60SoK0yVo3CYJgb2MkobuWuBX6dhkYP5ORCLd55y+SaflMOV5fqAB53ux4w==",
            "requires": {
                "options": ">=0.0.5",
                "ultron": "1.0.x"
            }
        }
    }
}
